
Microsoft Visual Studio Solution File, Format Version 12.00
# Visual Studio Version 17
VisualStudioVersion = 17.9.34701.34
MinimumVisualStudioVersion = 10.0.40219.1
Project("{FAE04EC0-301F-11D3-BF4B-00C04F79EFBC}") = "Project1", "Project1\Project1.csproj", "{5ACD2EBC-8A16-46B1-B1AB-0B88B227710C}"
EndProject
Global
	GlobalSection(SolutionConfigurationPlatforms) = preSolution
		Debug|Any CPU = Debug|Any CPU
		Release|Any CPU = Release|Any CPU
	EndGlobalSection
	GlobalSection(ProjectConfigurationPlatforms) = postSolution
		{5ACD2EBC-8A16-46B1-B1AB-0B88B227710C}.Debug|Any CPU.ActiveCfg = Debug|Any CPU
		{5ACD2EBC-8A16-46B1-B1AB-0B88B227710C}.Debug|Any CPU.Build.0 = Debug|Any CPU
		{5ACD2EBC-8A16-46B1-B1AB-0B88B227710C}.Release|Any CPU.ActiveCfg = Release|Any CPU
		{5ACD2EBC-8A16-46B1-B1AB-0B88B227710C}.Release|Any CPU.Build.0 = Release|Any CPU
	EndGlobalSection
	GlobalSection(SolutionProperties) = preSolution
		HideSolutionNode = FALSE
	EndGlobalSection
	GlobalSection(ExtensibilityGlobals) = postSolution
		SolutionGuid = {DB472CA0-997A-4209-A6E2-1A08779E2BD3}
	EndGlobalSection
EndGlobal
